{
  "object": {
    "pins": [
      {
        "package": "BigInt",
        "repositoryURL": "https://github.com/attaswift/BigInt.git",
        "state": {
          "branch": null,
          "revision": "557d7e0e15f8693436212594a726af1795488550",
          "version": "3.0.2"
        }
      },
      {
        "package": "Blake2",
        "repositoryURL": "https://github.com/omochi/Blake2-SwiftPM.git",
        "state": {
          "branch": null,
          "revision": "4bb85a42497aae3a1c88a18ee26c83d65b967eab",
          "version": "1.0.0"
        }
      },
      {
        "package": "SipHash",
        "repositoryURL": "https://github.com/attaswift/SipHash",
        "state": {
          "branch": null,
          "revision": "7b47e3f23a66770b1eb18e15e20546aad398c9dd",
          "version": "1.2.0"
        }
      }
    ]
  },
  "version": 1
}
