{
  "object": {
    "pins": [
      {
        "package": "BigInt",
        "repositoryURL": "https://github.com/attaswift/BigInt.git",
        "state": {
          "branch": null,
          "revision": "557d7e0e15f8693436212594a726af1795488550",
          "version": "3.0.2"
        }
      },
      {
        "package": "SQLite.swift",
        "repositoryURL": "https://github.com/omochi/SQLite.swift.git",
        "state": {
          "branch": null,
          "revision": "1d2eef2570c89dbfa221fc231a8af1148ea234a3",
          "version": "0.11.4"
        }
      },
      {
        "package": "SipHash",
        "repositoryURL": "https://github.com/attaswift/SipHash",
        "state": {
          "branch": null,
          "revision": "7b47e3f23a66770b1eb18e15e20546aad398c9dd",
          "version": "1.2.0"
        }
      }
    ]
  },
  "version": 1
}
